{
  "lockfileVersion": 1,
  "configVersion": 1,
  "workspaces": {
    "": {
      "name": "kesenmemento-v2-server",
      "dependencies": {
        "astronomy-engine": "^2.1.19",
      },
    },
  },
  "packages": {
    "astronomy-engine": ["astronomy-engine@2.1.19", "", {}, "sha512-8yWKNf7UeNbH458h3sAJ6ZgAjE5jTXp/mNNRFoC20j2SHwZIjAQeEsBB2Q3uCFRaTCCJRv33K2XhkhZQMXoX6w=="],
  }
}
